
Microsoft Visual Studio Solution File, Format Version 12.00
# Visual Studio Version 17
VisualStudioVersion = 17.9.34701.34
MinimumVisualStudioVersion = 10.0.40219.1
Project("{FAE04EC0-301F-11D3-BF4B-00C04F79EFBC}") = "TicketSalesSystem", "TicketSalesSystem\TicketSalesSystem.csproj", "{ED4D1294-10AA-413B-8B36-09374E4C7606}"
EndProject
Global
	GlobalSection(SolutionConfigurationPlatforms) = preSolution
		Debug|Any CPU = Debug|Any CPU
		Release|Any CPU = Release|Any CPU
	EndGlobalSection
	GlobalSection(ProjectConfigurationPlatforms) = postSolution
		{ED4D1294-10AA-413B-8B36-09374E4C7606}.Debug|Any CPU.ActiveCfg = Debug|Any CPU
		{ED4D1294-10AA-413B-8B36-09374E4C7606}.Debug|Any CPU.Build.0 = Debug|Any CPU
		{ED4D1294-10AA-413B-8B36-09374E4C7606}.Release|Any CPU.ActiveCfg = Release|Any CPU
		{ED4D1294-10AA-413B-8B36-09374E4C7606}.Release|Any CPU.Build.0 = Release|Any CPU
	EndGlobalSection
	GlobalSection(SolutionProperties) = preSolution
		HideSolutionNode = FALSE
	EndGlobalSection
	GlobalSection(ExtensibilityGlobals) = postSolution
		SolutionGuid = {69F1F5D3-99BB-4B88-B312-7BDF40D9C093}
	EndGlobalSection
EndGlobal
